// !$*UTF8*$!
{
	archiveVersion = 1;
	classes = {
	};
	objectVersion = 56;
	objects = {

/* Begin PBXBuildFile section */
		CEC570B52B908B1400C34860 /* AppDelegate.swift in Sources */ = {isa = PBXBuildFile; fileRef = CEC570B42B908B1400C34860 /* AppDelegate.swift */; };
		CEC570B72B908B1400C34860 /* SceneDelegate.swift in Sources */ = {isa = PBXBuildFile; fileRef = CEC570B62B908B1400C34860 /* SceneDelegate.swift */; };
		CEC570B92B908B1400C34860 /* ViewController.swift in Sources */ = {isa = PBXBuildFile; fileRef = CEC570B82B908B1400C34860 /* ViewController.swift */; };
		CEC570BC2B908B1400C34860 /* Main.storyboard in Resources */ = {isa = PBXBuildFile; fileRef = CEC570BA2B908B1400C34860 /* Main.storyboard */; };
		CEC570BE2B908B2900C34860 /* Assets.xcassets in Resources */ = {isa = PBXBuildFile; fileRef = CEC570BD2B908B2900C34860 /* Assets.xcassets */; };
		CEC570C12B908B2900C34860 /* LaunchScreen.storyboard in Resources */ = {isa = PBXBuildFile; fileRef = CEC570BF2B908B2900C34860 /* LaunchScreen.storyboard */; };
		CEC570CC2B908B2A00C34860 /* ChateoTests.swift in Sources */ = {isa = PBXBuildFile; fileRef = CEC570CB2B908B2A00C34860 /* ChateoTests.swift */; };
		CEC570D62B908B2A00C34860 /* ChateoUITests.swift in Sources */ = {isa = PBXBuildFile; fileRef = CEC570D52B908B2A00C34860 /* ChateoUITests.swift */; };
		CEC570D82B908B2A00C34860 /* ChateoUITestsLaunchTests.swift in Sources */ = {isa = PBXBuildFile; fileRef = CEC570D72B908B2A00C34860 /* ChateoUITestsLaunchTests.swift */; };
/* End PBXBuildFile section */

/* Begin PBXContainerItemProxy section */
		CEC570C82B908B2A00C34860 /* PBXContainerItemProxy */ = {
			isa = PBXContainerItemProxy;
			containerPortal = CEC570A92B908B1300C34860 /* Project object */;
			proxyType = 1;
			remoteGlobalIDString = CEC570B02B908B1400C34860;
			remoteInfo = Chateo;
		};
		CEC570D22B908B2A00C34860 /* PBXContainerItemProxy */ = {
			isa = PBXContainerItemProxy;
			containerPortal = CEC570A92B908B1300C34860 /* Project object */;
			proxyType = 1;
			remoteGlobalIDString = CEC570B02B908B1400C34860;
			remoteInfo = Chateo;
		};
/* End PBXContainerItemProxy section */

/* Begin PBXFileReference section */
		CEC570B12B908B1400C34860 /* Chateo.app */ = {isa = PBXFileReference; explicitFileType = wrapper.application; includeInIndex = 0; path = Chateo.app; sourceTree = BUILT_PRODUCTS_DIR; };
		CEC570B42B908B1400C34860 /* AppDelegate.swift */ = {isa = PBXFileReference; lastKnownFileType = sourcecode.swift; path = AppDelegate.swift; sourceTree = "<group>"; };
		CEC570B62B908B1400C34860 /* SceneDelegate.swift */ = {isa = PBXFileReference; lastKnownFileType = sourcecode.swift; path = SceneDelegate.swift; sourceTree = "<group>"; };
		CEC570B82B908B1400C34860 /* ViewController.swift */ = {isa = PBXFileReference; lastKnownFileType = sourcecode.swift; path = ViewController.swift; sourceTree = "<group>"; };
		CEC570BB2B908B1400C34860 /* Base */ = {isa = PBXFileReference; lastKnownFileType = file.storyboard; name = Base; path = Base.lproj/Main.storyboard; sourceTree = "<group>"; };
		CEC570BD2B908B2900C34860 /* Assets.xcassets */ = {isa = PBXFileReference; lastKnownFileType = folder.assetcatalog; path = Assets.xcassets; sourceTree = "<group>"; };
		CEC570C02B908B2900C34860 /* Base */ = {isa = PBXFileReference; lastKnownFileType = file.storyboard; name = Base; path = Base.lproj/LaunchScreen.storyboard; sourceTree = "<group>"; };
		CEC570C22B908B2900C34860 /* Info.plist */ = {isa = PBXFileReference; lastKnownFileType = text.plist.xml; path = Info.plist; sourceTree = "<group>"; };
		CEC570C72B908B2A00C34860 /* ChateoTests.xctest */ = {isa = PBXFileReference; explicitFileType = wrapper.cfbundle; includeInIndex = 0; path = ChateoTests.xctest; sourceTree = BUILT_PRODUCTS_DIR; };
		CEC570CB2B908B2A00C34860 /* ChateoTests.swift */ = {isa = PBXFileReference; lastKnownFileType = sourcecode.swift; path = ChateoTests.swift; sourceTree = "<group>"; };
		CEC570D12B908B2A00C34860 /* ChateoUITests.xctest */ = {isa = PBXFileReference; explicitFileType = wrapper.cfbundle; includeInIndex = 0; path = ChateoUITests.xctest; sourceTree = BUILT_PRODUCTS_DIR; };
		CEC570D52B908B2A00C34860 /* ChateoUITests.swift */ = {isa = PBXFileReference; lastKnownFileType = sourcecode.swift; path = ChateoUITests.swift; sourceTree = "<group>"; };
		CEC570D72B908B2A00C34860 /* ChateoUITestsLaunchTests.swift */ = {isa = PBXFileReference; lastKnownFileType = sourcecode.swift; path = ChateoUITestsLaunchTests.swift; sourceTree = "<group>"; };
/* End PBXFileReference section */

/* Begin PBXFrameworksBuildPhase section */
		CEC570AE2B908B1400C34860 /* Frameworks */ = {
			isa = PBXFrameworksBuildPhase;
			buildActionMask = 2147483647;
			files = (
			);
			runOnlyForDeploymentPostprocessing = 0;
		};
		CEC570C42B908B2A00C34860 /* Frameworks */ = {
			isa = PBXFrameworksBuildPhase;
			buildActionMask = 2147483647;
			files = (
			);
			runOnlyForDeploymentPostprocessing = 0;
		};
		CEC570CE2B908B2A00C34860 /* Frameworks */ = {
			isa = PBXFrameworksBuildPhase;
			buildActionMask = 2147483647;
			files = (
			);
			runOnlyForDeploymentPostprocessing = 0;
		};
/* End PBXFrameworksBuildPhase section */

/* Begin PBXGroup section */
		CEC570A82B908B1300C34860 = {
			isa = PBXGroup;
			children = (
				CEC570B32B908B1400C34860 /* Chateo */,
				CEC570CA2B908B2A00C34860 /* ChateoTests */,
				CEC570D42B908B2A00C34860 /* ChateoUITests */,
				CEC570B22B908B1400C34860 /* Products */,
			);
			sourceTree = "<group>";
		};
		CEC570B22B908B1400C34860 /* Products */ = {
			isa = PBXGroup;
			children = (
				CEC570B12B908B1400C34860 /* Chateo.app */,
				CEC570C72B908B2A00C34860 /* ChateoTests.xctest */,
				CEC570D12B908B2A00C34860 /* ChateoUITests.xctest */,
			);
			name = Products;
			sourceTree = "<group>";
		};
		CEC570B32B908B1400C34860 /* Chateo */ = {
			isa = PBXGroup;
			children = (
				CEC570B42B908B1400C34860 /* AppDelegate.swift */,
				CEC570B62B908B1400C34860 /* SceneDelegate.swift */,
				CEC570B82B908B1400C34860 /* ViewController.swift */,
				CEC570BA2B908B1400C34860 /* Main.storyboard */,
				CEC570BD2B908B2900C34860 /* Assets.xcassets */,
				CEC570BF2B908B2900C34860 /* LaunchScreen.storyboard */,
				CEC570C22B908B2900C34860 /* Info.plist */,
			);
			path = Chateo;
			sourceTree = "<group>";
		};
		CEC570CA2B908B2A00C34860 /* ChateoTests */ = {
			isa = PBXGroup;
			children = (
				CEC570CB2B908B2A00C34860 /* ChateoTests.swift */,
			);
			path = ChateoTests;
			sourceTree = "<group>";
		};
		CEC570D42B908B2A00C34860 /* ChateoUITests */ = {
			isa = PBXGroup;
			children = (
				CEC570D52B908B2A00C34860 /* ChateoUITests.swift */,
				CEC570D72B908B2A00C34860 /* ChateoUITestsLaunchTests.swift */,
			);
			path = ChateoUITests;
			sourceTree = "<group>";
		};
/* End PBXGroup section */

/* Begin PBXNativeTarget section */
		CEC570B02B908B1400C34860 /* Chateo */ = {
			isa = PBXNativeTarget;
			buildConfigurationList = CEC570DB2B908B2A00C34860 /* Build configuration list for PBXNativeTarget "Chateo" */;
			buildPhases = (
				CEC570AD2B908B1400C34860 /* Sources */,
				CEC570AE2B908B1400C34860 /* Frameworks */,
				CEC570AF2B908B1400C34860 /* Resources */,
			);
			buildRules = (
			);
			dependencies = (
			);
			name = Chateo;
			productName = Chateo;
			productReference = CEC570B12B908B1400C34860 /* Chateo.app */;
			productType = "com.apple.product-type.application";
		};
		CEC570C62B908B2A00C34860 /* ChateoTests */ = {
			isa = PBXNativeTarget;
			buildConfigurationList = CEC570DE2B908B2A00C34860 /* Build configuration list for PBXNativeTarget "ChateoTests" */;
			buildPhases = (
				CEC570C32B908B2A00C34860 /* Sources */,
				CEC570C42B908B2A00C34860 /* Frameworks */,
				CEC570C52B908B2A00C34860 /* Resources */,
			);
			buildRules = (
			);
			dependencies = (
				CEC570C92B908B2A00C34860 /* PBXTargetDependency */,
			);
			name = ChateoTests;
			productName = ChateoTests;
			productReference = CEC570C72B908B2A00C34860 /* ChateoTests.xctest */;
			productType = "com.apple.product-type.bundle.unit-test";
		};
		CEC570D02B908B2A00C34860 /* ChateoUITests */ = {
			isa = PBXNativeTarget;
			buildConfigurationList = CEC570E12B908B2A00C34860 /* Build configuration list for PBXNativeTarget "ChateoUITests" */;
			buildPhases = (
				CEC570CD2B908B2A00C34860 /* Sources */,
				CEC570CE2B908B2A00C34860 /* Frameworks */,
				CEC570CF2B908B2A00C34860 /* Resources */,
			);
			buildRules = (
			);
			dependencies = (
				CEC570D32B908B2A00C34860 /* PBXTargetDependency */,
			);
			name = ChateoUITests;
			productName = ChateoUITests;
			productReference = CEC570D12B908B2A00C34860 /* ChateoUITests.xctest */;
			productType = "com.apple.product-type.bundle.ui-testing";
		};
/* End PBXNativeTarget section */

/* Begin PBXProject section */
		CEC570A92B908B1300C34860 /* Project object */ = {
			isa = PBXProject;
			attributes = {
				BuildIndependentTargetsInParallel = 1;
				LastSwiftUpdateCheck = 1520;
				LastUpgradeCheck = 1520;
				TargetAttributes = {
					CEC570B02B908B1400C34860 = {
						CreatedOnToolsVersion = 15.2;
					};
					CEC570C62B908B2A00C34860 = {
						CreatedOnToolsVersion = 15.2;
						TestTargetID = CEC570B02B908B1400C34860;
					};
					CEC570D02B908B2A00C34860 = {
						CreatedOnToolsVersion = 15.2;
						TestTargetID = CEC570B02B908B1400C34860;
					};
				};
			};
			buildConfigurationList = CEC570AC2B908B1300C34860 /* Build configuration list for PBXProject "Chateo" */;
			compatibilityVersion = "Xcode 14.0";
			developmentRegion = en;
			hasScannedForEncodings = 0;
			knownRegions = (
				en,
				Base,
			);
			mainGroup = CEC570A82B908B1300C34860;
			productRefGroup = CEC570B22B908B1400C34860 /* Products */;
			projectDirPath = "";
			projectRoot = "";
			targets = (
				CEC570B02B908B1400C34860 /* Chateo */,
				CEC570C62B908B2A00C34860 /* ChateoTests */,
				CEC570D02B908B2A00C34860 /* ChateoUITests */,
			);
		};
/* End PBXProject section */

/* Begin PBXResourcesBuildPhase section */
		CEC570AF2B908B1400C34860 /* Resources */ = {
			isa = PBXResourcesBuildPhase;
			buildActionMask = 2147483647;
			files = (
				CEC570C12B908B2900C34860 /* LaunchScreen.storyboard in Resources */,
				CEC570BE2B908B2900C34860 /* Assets.xcassets in Resources */,
				CEC570BC2B908B1400C34860 /* Main.storyboard in Resources */,
			);
			runOnlyForDeploymentPostprocessing = 0;
		};
		CEC570C52B908B2A00C34860 /* Resources */ = {
			isa = PBXResourcesBuildPhase;
			buildActionMask = 2147483647;
			files = (
			);
			runOnlyForDeploymentPostprocessing = 0;
		};
		CEC570CF2B908B2A00C34860 /* Resources */ = {
			isa = PBXResourcesBuildPhase;
			buildActionMask = 2147483647;
			files = (
			);
			runOnlyForDeploymentPostprocessing = 0;
		};
/* End PBXResourcesBuildPhase section */

/* Begin PBXSourcesBuildPhase section */
		CEC570AD2B908B1400C34860 /* Sources */ = {
			isa = PBXSourcesBuildPhase;
			buildActionMask = 2147483647;
			files = (
				CEC570B92B908B1400C34860 /* ViewController.swift in Sources */,
				CEC570B52B908B1400C34860 /* AppDelegate.swift in Sources */,
				CEC570B72B908B1400C34860 /* SceneDelegate.swift in Sources */,
			);
			runOnlyForDeploymentPostprocessing = 0;
		};
		CEC570C32B908B2A00C34860 /* Sources */ = {
			isa = PBXSourcesBuildPhase;
			buildActionMask = 2147483647;
			files = (
				CEC570CC2B908B2A00C34860 /* ChateoTests.swift in Sources */,
			);
			runOnlyForDeploymentPostprocessing = 0;
		};
		CEC570CD2B908B2A00C34860 /* Sources */ = {
			isa = PBXSourcesBuildPhase;
			buildActionMask = 2147483647;
			files = (
				CEC570D82B908B2A00C34860 /* ChateoUITestsLaunchTests.swift in Sources */,
				CEC570D62B908B2A00C34860 /* ChateoUITests.swift in Sources */,
			);
			runOnlyForDeploymentPostprocessing = 0;
		};
/* End PBXSourcesBuildPhase section */

/* Begin PBXTargetDependency section */
		CEC570C92B908B2A00C34860 /* PBXTargetDependency */ = {
			isa = PBXTargetDependency;
			target = CEC570B02B908B1400C34860 /* Chateo */;
			targetProxy = CEC570C82B908B2A00C34860 /* PBXContainerItemProxy */;
		};
		CEC570D32B908B2A00C34860 /* PBXTargetDependency */ = {
			isa = PBXTargetDependency;
			target = CEC570B02B908B1400C34860 /* Chateo */;
			targetProxy = CEC570D22B908B2A00C34860 /* PBXContainerItemProxy */;
		};
/* End PBXTargetDependency section */

/* Begin PBXVariantGroup section */
		CEC570BA2B908B1400C34860 /* Main.storyboard */ = {
			isa = PBXVariantGroup;
			children = (
				CEC570BB2B908B1400C34860 /* Base */,
			);
			name = Main.storyboard;
			sourceTree = "<group>";
		};
		CEC570BF2B908B2900C34860 /* LaunchScreen.storyboard */ = {
			isa = PBXVariantGroup;
			children = (
				CEC570C02B908B2900C34860 /* Base */,
			);
			name = LaunchScreen.storyboard;
			sourceTree = "<group>";
		};
/* End PBXVariantGroup section */

/* Begin XCBuildConfiguration section */
		CEC570D92B908B2A00C34860 /* Debug */ = {
			isa = XCBuildConfiguration;
			buildSettings = {
				ALWAYS_SEARCH_USER_PATHS = NO;
				ASSETCATALOG_COMPILER_GENERATE_SWIFT_ASSET_SYMBOL_EXTENSIONS = YES;
				CLANG_ANALYZER_NONNULL = YES;
				CLANG_ANALYZER_NUMBER_OBJECT_CONVERSION = YES_AGGRESSIVE;
				CLANG_CXX_LANGUAGE_STANDARD = "gnu++20";
				CLANG_ENABLE_MODULES = YES;
				CLANG_ENABLE_OBJC_ARC = YES;
				CLANG_ENABLE_OBJC_WEAK = YES;
				CLANG_WARN_BLOCK_CAPTURE_AUTORELEASING = YES;
				CLANG_WARN_BOOL_CONVERSION = YES;
				CLANG_WARN_COMMA = YES;
				CLANG_WARN_CONSTANT_CONVERSION = YES;
				CLANG_WARN_DEPRECATED_OBJC_IMPLEMENTATIONS = YES;
				CLANG_WARN_DIRECT_OBJC_ISA_USAGE = YES_ERROR;
				CLANG_WARN_DOCUMENTATION_COMMENTS = YES;
				CLANG_WARN_EMPTY_BODY = YES;
				CLANG_WARN_ENUM_CONVERSION = YES;
				CLANG_WARN_INFINITE_RECURSION = YES;
				CLANG_WARN_INT_CONVERSION = YES;
				CLANG_WARN_NON_LITERAL_NULL_CONVERSION = YES;
				CLANG_WARN_OBJC_IMPLICIT_RETAIN_SELF = YES;
				CLANG_WARN_OBJC_LITERAL_CONVERSION = YES;
				CLANG_WARN_OBJC_ROOT_CLASS = YES_ERROR;
				CLANG_WARN_QUOTED_INCLUDE_IN_FRAMEWORK_HEADER = YES;
				CLANG_WARN_RANGE_LOOP_ANALYSIS = YES;
				CLANG_WARN_STRICT_PROTOTYPES = YES;
				CLANG_WARN_SUSPICIOUS_MOVE = YES;
				CLANG_WARN_UNGUARDED_AVAILABILITY = YES_AGGRESSIVE;
				CLANG_WARN_UNREACHABLE_CODE = YES;
				CLANG_WARN__DUPLICATE_METHOD_MATCH = YES;
				COPY_PHASE_STRIP = NO;
				DEBUG_INFORMATION_FORMAT = dwarf;
				ENABLE_STRICT_OBJC_MSGSEND = YES;
				ENABLE_TESTABILITY = YES;
				ENABLE_USER_SCRIPT_SANDBOXING = YES;
				GCC_C_LANGUAGE_STANDARD = gnu17;
				GCC_DYNAMIC_NO_PIC = NO;
				GCC_NO_COMMON_BLOCKS = YES;
				GCC_OPTIMIZATION_LEVEL = 0;
				GCC_PREPROCESSOR_DEFINITIONS = (
					"DEBUG=1",
					"$(inherited)",
				);
				GCC_WARN_64_TO_32_BIT_CONVERSION = YES;
				GCC_WARN_ABOUT_RETURN_TYPE = YES_ERROR;
				GCC_WARN_UNDECLARED_SELECTOR = YES;
				GCC_WARN_UNINITIALIZED_AUTOS = YES_AGGRESSIVE;
				GCC_WARN_UNUSED_FUNCTION = YES;
				GCC_WARN_UNUSED_VARIABLE = YES;
				IPHONEOS_DEPLOYMENT_TARGET = 17.2;
				LOCALIZATION_PREFERS_STRING_CATALOGS = YES;
				MTL_ENABLE_DEBUG_INFO = INCLUDE_SOURCE;
				MTL_FAST_MATH = YES;
				ONLY_ACTIVE_ARCH = YES;
				SDKROOT = iphoneos;
				SWIFT_ACTIVE_COMPILATION_CONDITIONS = "DEBUG $(inherited)";
				SWIFT_OPTIMIZATION_LEVEL = "-Onone";
			};
			name = Debug;
		};
		CEC570DA2B908B2A00C34860 /* Release */ = {
			isa = XCBuildConfiguration;
			buildSettings = {
				ALWAYS_SEARCH_USER_PATHS = NO;
				ASSETCATALOG_COMPILER_GENERATE_SWIFT_ASSET_SYMBOL_EXTENSIONS = YES;
				CLANG_ANALYZER_NONNULL = YES;
				CLANG_ANALYZER_NUMBER_OBJECT_CONVERSION = YES_AGGRESSIVE;
				CLANG_CXX_LANGUAGE_STANDARD = "gnu++20";
				CLANG_ENABLE_MODULES = YES;
				CLANG_ENABLE_OBJC_ARC = YES;
				CLANG_ENABLE_OBJC_WEAK = YES;
				CLANG_WARN_BLOCK_CAPTURE_AUTORELEASING = YES;
				CLANG_WARN_BOOL_CONVERSION = YES;
				CLANG_WARN_COMMA = YES;
				CLANG_WARN_CONSTANT_CONVERSION = YES;
				CLANG_WARN_DEPRECATED_OBJC_IMPLEMENTATIONS = YES;
				CLANG_WARN_DIRECT_OBJC_ISA_USAGE = YES_ERROR;
				CLANG_WARN_DOCUMENTATION_COMMENTS = YES;
				CLANG_WARN_EMPTY_BODY = YES;
				CLANG_WARN_ENUM_CONVERSION = YES;
				CLANG_WARN_INFINITE_RECURSION = YES;
				CLANG_WARN_INT_CONVERSION = YES;
				CLANG_WARN_NON_LITERAL_NULL_CONVERSION = YES;
				CLANG_WARN_OBJC_IMPLICIT_RETAIN_SELF = YES;
				CLANG_WARN_OBJC_LITERAL_CONVERSION = YES;
				CLANG_WARN_OBJC_ROOT_CLASS = YES_ERROR;
				CLANG_WARN_QUOTED_INCLUDE_IN_FRAMEWORK_HEADER = YES;
				CLANG_WARN_RANGE_LOOP_ANALYSIS = YES;
				CLANG_WARN_STRICT_PROTOTYPES = YES;
				CLANG_WARN_SUSPICIOUS_MOVE = YES;
				CLANG_WARN_UNGUARDED_AVAILABILITY = YES_AGGRESSIVE;
				CLANG_WARN_UNREACHABLE_CODE = YES;
				CLANG_WARN__DUPLICATE_METHOD_MATCH = YES;
				COPY_PHASE_STRIP = NO;
				DEBUG_INFORMATION_FORMAT = "dwarf-with-dsym";
				ENABLE_NS_ASSERTIONS = NO;
				ENABLE_STRICT_OBJC_MSGSEND = YES;
				ENABLE_USER_SCRIPT_SANDBOXING = YES;
				GCC_C_LANGUAGE_STANDARD = gnu17;
				GCC_NO_COMMON_BLOCKS = YES;
				GCC_WARN_64_TO_32_BIT_CONVERSION = YES;
				GCC_WARN_ABOUT_RETURN_TYPE = YES_ERROR;
				GCC_WARN_UNDECLARED_SELECTOR = YES;
				GCC_WARN_UNINITIALIZED_AUTOS = YES_AGGRESSIVE;
				GCC_WARN_UNUSED_FUNCTION = YES;
				GCC_WARN_UNUSED_VARIABLE = YES;
				IPHONEOS_DEPLOYMENT_TARGET = 17.2;
				LOCALIZATION_PREFERS_STRING_CATALOGS = YES;
				MTL_ENABLE_DEBUG_INFO = NO;
				MTL_FAST_MATH = YES;
				SDKROOT = iphoneos;
				SWIFT_COMPILATION_MODE = wholemodule;
				VALIDATE_PRODUCT = YES;
			};
			name = Release;
		};
		CEC570DC2B908B2A00C34860 /* Debug */ = {
			isa = XCBuildConfiguration;
			buildSettings = {
				ASSETCATALOG_COMPILER_APPICON_NAME = AppIcon;
				ASSETCATALOG_COMPILER_GLOBAL_ACCENT_COLOR_NAME = AccentColor;
				CODE_SIGN_STYLE = Automatic;
				CURRENT_PROJECT_VERSION = 1;
				GENERATE_INFOPLIST_FILE = YES;
				INFOPLIST_FILE = Chateo/Info.plist;
				INFOPLIST_KEY_UIApplicationSupportsIndirectInputEvents = YES;
				INFOPLIST_KEY_UILaunchStoryboardName = LaunchScreen;
				INFOPLIST_KEY_UIMainStoryboardFile = Main;
				INFOPLIST_KEY_UISupportedInterfaceOrientations_iPad = "UIInterfaceOrientationPortrait UIInterfaceOrientationPortraitUpsideDown UIInterfaceOrientationLandscapeLeft UIInterfaceOrientationLandscapeRight";
				INFOPLIST_KEY_UISupportedInterfaceOrientations_iPhone = "UIInterfaceOrientationPortrait UIInterfaceOrientationLandscapeLeft UIInterfaceOrientationLandscapeRight";
				LD_RUNPATH_SEARCH_PATHS = (
					"$(inherited)",
					"@executable_path/Frameworks",
				);
				MARKETING_VERSION = 1.0;
				PRODUCT_BUNDLE_IDENTIFIER = com.Syimyk.Chateo;
				PRODUCT_NAME = "$(TARGET_NAME)";
				SWIFT_EMIT_LOC_STRINGS = YES;
				SWIFT_VERSION = 5.0;
				TARGETED_DEVICE_FAMILY = "1,2";
			};
			name = Debug;
		};
		CEC570DD2B908B2A00C34860 /* Release */ = {
			isa = XCBuildConfiguration;
			buildSettings = {
				ASSETCATALOG_COMPILER_APPICON_NAME = AppIcon;
				ASSETCATALOG_COMPILER_GLOBAL_ACCENT_COLOR_NAME = AccentColor;
				CODE_SIGN_STYLE = Automatic;
				CURRENT_PROJECT_VERSION = 1;
				GENERATE_INFOPLIST_FILE = YES;
				INFOPLIST_FILE = Chateo/Info.plist;
				INFOPLIST_KEY_UIApplicationSupportsIndirectInputEvents = YES;
				INFOPLIST_KEY_UILaunchStoryboardName = LaunchScreen;
				INFOPLIST_KEY_UIMainStoryboardFile = Main;
				INFOPLIST_KEY_UISupportedInterfaceOrientations_iPad = "UIInterfaceOrientationPortrait UIInterfaceOrientationPortraitUpsideDown UIInterfaceOrientationLandscapeLeft UIInterfaceOrientationLandscapeRight";
				INFOPLIST_KEY_UISupportedInterfaceOrientations_iPhone = "UIInterfaceOrientationPortrait UIInterfaceOrientationLandscapeLeft UIInterfaceOrientationLandscapeRight";
				LD_RUNPATH_SEARCH_PATHS = (
					"$(inherited)",
					"@executable_path/Frameworks",
				);
				MARKETING_VERSION = 1.0;
				PRODUCT_BUNDLE_IDENTIFIER = com.Syimyk.Chateo;
				PRODUCT_NAME = "$(TARGET_NAME)";
				SWIFT_EMIT_LOC_STRINGS = YES;
				SWIFT_VERSION = 5.0;
				TARGETED_DEVICE_FAMILY = "1,2";
			};
			name = Release;
		};
		CEC570DF2B908B2A00C34860 /* Debug */ = {
			isa = XCBuildConfiguration;
			buildSettings = {
				ALWAYS_EMBED_SWIFT_STANDARD_LIBRARIES = YES;
				BUNDLE_LOADER = "$(TEST_HOST)";
				CODE_SIGN_STYLE = Automatic;
				CURRENT_PROJECT_VERSION = 1;
				GENERATE_INFOPLIST_FILE = YES;
				IPHONEOS_DEPLOYMENT_TARGET = 17.2;
				MARKETING_VERSION = 1.0;
				PRODUCT_BUNDLE_IDENTIFIER = com.Syimyk.ChateoTests;
				PRODUCT_NAME = "$(TARGET_NAME)";
				SWIFT_EMIT_LOC_STRINGS = NO;
				SWIFT_VERSION = 5.0;
				TARGETED_DEVICE_FAMILY = "1,2";
				TEST_HOST = "$(BUILT_PRODUCTS_DIR)/Chateo.app/$(BUNDLE_EXECUTABLE_FOLDER_PATH)/Chateo";
			};
			name = Debug;
		};
		CEC570E02B908B2A00C34860 /* Release */ = {
			isa = XCBuildConfiguration;
			buildSettings = {
				ALWAYS_EMBED_SWIFT_STANDARD_LIBRARIES = YES;
				BUNDLE_LOADER = "$(TEST_HOST)";
				CODE_SIGN_STYLE = Automatic;
				CURRENT_PROJECT_VERSION = 1;
				GENERATE_INFOPLIST_FILE = YES;
				IPHONEOS_DEPLOYMENT_TARGET = 17.2;
				MARKETING_VERSION = 1.0;
				PRODUCT_BUNDLE_IDENTIFIER = com.Syimyk.ChateoTests;
				PRODUCT_NAME = "$(TARGET_NAME)";
				SWIFT_EMIT_LOC_STRINGS = NO;
				SWIFT_VERSION = 5.0;
				TARGETED_DEVICE_FAMILY = "1,2";
				TEST_HOST = "$(BUILT_PRODUCTS_DIR)/Chateo.app/$(BUNDLE_EXECUTABLE_FOLDER_PATH)/Chateo";
			};
			name = Release;
		};
		CEC570E22B908B2A00C34860 /* Debug */ = {
			isa = XCBuildConfiguration;
			buildSettings = {
				ALWAYS_EMBED_SWIFT_STANDARD_LIBRARIES = YES;
				CODE_SIGN_STYLE = Automatic;
				CURRENT_PROJECT_VERSION = 1;
				GENERATE_INFOPLIST_FILE = YES;
				MARKETING_VERSION = 1.0;
				PRODUCT_BUNDLE_IDENTIFIER = com.Syimyk.ChateoUITests;
				PRODUCT_NAME = "$(TARGET_NAME)";
				SWIFT_EMIT_LOC_STRINGS = NO;
				SWIFT_VERSION = 5.0;
				TARGETED_DEVICE_FAMILY = "1,2";
				TEST_TARGET_NAME = Chateo;
			};
			name = Debug;
		};
		CEC570E32B908B2A00C34860 /* Release */ = {
			isa = XCBuildConfiguration;
			buildSettings = {
				ALWAYS_EMBED_SWIFT_STANDARD_LIBRARIES = YES;
				CODE_SIGN_STYLE = Automatic;
				CURRENT_PROJECT_VERSION = 1;
				GENERATE_INFOPLIST_FILE = YES;
				MARKETING_VERSION = 1.0;
				PRODUCT_BUNDLE_IDENTIFIER = com.Syimyk.ChateoUITests;
				PRODUCT_NAME = "$(TARGET_NAME)";
				SWIFT_EMIT_LOC_STRINGS = NO;
				SWIFT_VERSION = 5.0;
				TARGETED_DEVICE_FAMILY = "1,2";
				TEST_TARGET_NAME = Chateo;
			};
			name = Release;
		};
/* End XCBuildConfiguration section */

/* Begin XCConfigurationList section */
		CEC570AC2B908B1300C34860 /* Build configuration list for PBXProject "Chateo" */ = {
			isa = XCConfigurationList;
			buildConfigurations = (
				CEC570D92B908B2A00C34860 /* Debug */,
				CEC570DA2B908B2A00C34860 /* Release */,
			);
			defaultConfigurationIsVisible = 0;
			defaultConfigurationName = Release;
		};
		CEC570DB2B908B2A00C34860 /* Build configuration list for PBXNativeTarget "Chateo" */ = {
			isa = XCConfigurationList;
			buildConfigurations = (
				CEC570DC2B908B2A00C34860 /* Debug */,
				CEC570DD2B908B2A00C34860 /* Release */,
			);
			defaultConfigurationIsVisible = 0;
			defaultConfigurationName = Release;
		};
		CEC570DE2B908B2A00C34860 /* Build configuration list for PBXNativeTarget "ChateoTests" */ = {
			isa = XCConfigurationList;
			buildConfigurations = (
				CEC570DF2B908B2A00C34860 /* Debug */,
				CEC570E02B908B2A00C34860 /* Release */,
			);
			defaultConfigurationIsVisible = 0;
			defaultConfigurationName = Release;
		};
		CEC570E12B908B2A00C34860 /* Build configuration list for PBXNativeTarget "ChateoUITests" */ = {
			isa = XCConfigurationList;
			buildConfigurations = (
				CEC570E22B908B2A00C34860 /* Debug */,
				CEC570E32B908B2A00C34860 /* Release */,
			);
			defaultConfigurationIsVisible = 0;
			defaultConfigurationName = Release;
		};
/* End XCConfigurationList section */
	};
	rootObject = CEC570A92B908B1300C34860 /* Project object */;
}
